// !$*UTF8*$!
{
	archiveVersion = 1;
	classes = {
	};
	objectVersion = 48;
	objects = {

/* Begin PBXBuildFile section */
		A253CE3B85E18CF86D1ACA09 /* libPods-RAC练习.a in Frameworks */ = {isa = PBXBuildFile; fileRef = 182B311E6AB6CAA6AC035033 /* libPods-RAC练习.a */; };
		F53EEFC520775D1900AEBCE1 /* AppDelegate.m in Sources */ = {isa = PBXBuildFile; fileRef = F53EEFC420775D1900AEBCE1 /* AppDelegate.m */; };
		F53EEFC820775D1900AEBCE1 /* ViewController.m in Sources */ = {isa = PBXBuildFile; fileRef = F53EEFC720775D1900AEBCE1 /* ViewController.m */; };
		F53EEFCB20775D1900AEBCE1 /* Main.storyboard in Resources */ = {isa = PBXBuildFile; fileRef = F53EEFC920775D1900AEBCE1 /* Main.storyboard */; };
		F53EEFCD20775D1900AEBCE1 /* Assets.xcassets in Resources */ = {isa = PBXBuildFile; fileRef = F53EEFCC20775D1900AEBCE1 /* Assets.xcassets */; };
		F53EEFD020775D1900AEBCE1 /* LaunchScreen.storyboard in Resources */ = {isa = PBXBuildFile; fileRef = F53EEFCE20775D1900AEBCE1 /* LaunchScreen.storyboard */; };
		F53EEFD320775D1900AEBCE1 /* main.m in Sources */ = {isa = PBXBuildFile; fileRef = F53EEFD220775D1900AEBCE1 /* main.m */; };
		F53EEFDD20775D1900AEBCE1 /* RAC__Tests.m in Sources */ = {isa = PBXBuildFile; fileRef = F53EEFDC20775D1900AEBCE1 /* RAC__Tests.m */; };
		F53EEFE820775D1900AEBCE1 /* RAC__UITests.m in Sources */ = {isa = PBXBuildFile; fileRef = F53EEFE720775D1900AEBCE1 /* RAC__UITests.m */; };
/* End PBXBuildFile section */

/* Begin PBXContainerItemProxy section */
		F53EEFD920775D1900AEBCE1 /* PBXContainerItemProxy */ = {
			isa = PBXContainerItemProxy;
			containerPortal = F53EEFB820775D1800AEBCE1 /* Project object */;
			proxyType = 1;
			remoteGlobalIDString = F53EEFBF20775D1900AEBCE1;
			remoteInfo = "RAC练习";
		};
		F53EEFE420775D1900AEBCE1 /* PBXContainerItemProxy */ = {
			isa = PBXContainerItemProxy;
			containerPortal = F53EEFB820775D1800AEBCE1 /* Project object */;
			proxyType = 1;
			remoteGlobalIDString = F53EEFBF20775D1900AEBCE1;
			remoteInfo = "RAC练习";
		};
/* End PBXContainerItemProxy section */

/* Begin PBXFileReference section */
		182B311E6AB6CAA6AC035033 /* libPods-RAC练习.a */ = {isa = PBXFileReference; explicitFileType = archive.ar; includeInIndex = 0; path = "libPods-RAC练习.a"; sourceTree = BUILT_PRODUCTS_DIR; };
		4847A1FACBA0B27AED6650E4 /* Pods-RAC练习.release.xcconfig */ = {isa = PBXFileReference; includeInIndex = 1; lastKnownFileType = text.xcconfig; name = "Pods-RAC练习.release.xcconfig"; path = "Pods/Target Support Files/Pods-RAC练习/Pods-RAC练习.release.xcconfig"; sourceTree = "<group>"; };
		AE2B8D4E5CFD6DCF17D3886B /* Pods-RAC练习.debug.xcconfig */ = {isa = PBXFileReference; includeInIndex = 1; lastKnownFileType = text.xcconfig; name = "Pods-RAC练习.debug.xcconfig"; path = "Pods/Target Support Files/Pods-RAC练习/Pods-RAC练习.debug.xcconfig"; sourceTree = "<group>"; };
		F53EEFC020775D1900AEBCE1 /* RAC练习.app */ = {isa = PBXFileReference; explicitFileType = wrapper.application; includeInIndex = 0; path = "RAC练习.app"; sourceTree = BUILT_PRODUCTS_DIR; };
		F53EEFC320775D1900AEBCE1 /* AppDelegate.h */ = {isa = PBXFileReference; lastKnownFileType = sourcecode.c.h; path = AppDelegate.h; sourceTree = "<group>"; };
		F53EEFC420775D1900AEBCE1 /* AppDelegate.m */ = {isa = PBXFileReference; lastKnownFileType = sourcecode.c.objc; path = AppDelegate.m; sourceTree = "<group>"; };
		F53EEFC620775D1900AEBCE1 /* ViewController.h */ = {isa = PBXFileReference; lastKnownFileType = sourcecode.c.h; path = ViewController.h; sourceTree = "<group>"; };
		F53EEFC720775D1900AEBCE1 /* ViewController.m */ = {isa = PBXFileReference; lastKnownFileType = sourcecode.c.objc; path = ViewController.m; sourceTree = "<group>"; };
		F53EEFCA20775D1900AEBCE1 /* Base */ = {isa = PBXFileReference; lastKnownFileType = file.storyboard; name = Base; path = Base.lproj/Main.storyboard; sourceTree = "<group>"; };
		F53EEFCC20775D1900AEBCE1 /* Assets.xcassets */ = {isa = PBXFileReference; lastKnownFileType = folder.assetcatalog; path = Assets.xcassets; sourceTree = "<group>"; };
		F53EEFCF20775D1900AEBCE1 /* Base */ = {isa = PBXFileReference; lastKnownFileType = file.storyboard; name = Base; path = Base.lproj/LaunchScreen.storyboard; sourceTree = "<group>"; };
		F53EEFD120775D1900AEBCE1 /* Info.plist */ = {isa = PBXFileReference; lastKnownFileType = text.plist.xml; path = Info.plist; sourceTree = "<group>"; };
		F53EEFD220775D1900AEBCE1 /* main.m */ = {isa = PBXFileReference; lastKnownFileType = sourcecode.c.objc; path = main.m; sourceTree = "<group>"; };
		F53EEFD820775D1900AEBCE1 /* RAC练习Tests.xctest */ = {isa = PBXFileReference; explicitFileType = wrapper.cfbundle; includeInIndex = 0; path = "RAC练习Tests.xctest"; sourceTree = BUILT_PRODUCTS_DIR; };
		F53EEFDC20775D1900AEBCE1 /* RAC__Tests.m */ = {isa = PBXFileReference; lastKnownFileType = sourcecode.c.objc; path = RAC__Tests.m; sourceTree = "<group>"; };
		F53EEFDE20775D1900AEBCE1 /* Info.plist */ = {isa = PBXFileReference; lastKnownFileType = text.plist.xml; path = Info.plist; sourceTree = "<group>"; };
		F53EEFE320775D1900AEBCE1 /* RAC练习UITests.xctest */ = {isa = PBXFileReference; explicitFileType = wrapper.cfbundle; includeInIndex = 0; path = "RAC练习UITests.xctest"; sourceTree = BUILT_PRODUCTS_DIR; };
		F53EEFE720775D1900AEBCE1 /* RAC__UITests.m */ = {isa = PBXFileReference; lastKnownFileType = sourcecode.c.objc; path = RAC__UITests.m; sourceTree = "<group>"; };
		F53EEFE920775D1900AEBCE1 /* Info.plist */ = {isa = PBXFileReference; lastKnownFileType = text.plist.xml; path = Info.plist; sourceTree = "<group>"; };
/* End PBXFileReference section */

/* Begin PBXFrameworksBuildPhase section */
		F53EEFBD20775D1900AEBCE1 /* Frameworks */ = {
			isa = PBXFrameworksBuildPhase;
			buildActionMask = 2147483647;
			files = (
				A253CE3B85E18CF86D1ACA09 /* libPods-RAC练习.a in Frameworks */,
			);
			runOnlyForDeploymentPostprocessing = 0;
		};
		F53EEFD520775D1900AEBCE1 /* Frameworks */ = {
			isa = PBXFrameworksBuildPhase;
			buildActionMask = 2147483647;
			files = (
			);
			runOnlyForDeploymentPostprocessing = 0;
		};
		F53EEFE020775D1900AEBCE1 /* Frameworks */ = {
			isa = PBXFrameworksBuildPhase;
			buildActionMask = 2147483647;
			files = (
			);
			runOnlyForDeploymentPostprocessing = 0;
		};
/* End PBXFrameworksBuildPhase section */

/* Begin PBXGroup section */
		0AE2D6AAB860B81008D68604 /* Pods */ = {
			isa = PBXGroup;
			children = (
				AE2B8D4E5CFD6DCF17D3886B /* Pods-RAC练习.debug.xcconfig */,
				4847A1FACBA0B27AED6650E4 /* Pods-RAC练习.release.xcconfig */,
			);
			name = Pods;
			sourceTree = "<group>";
		};
		0D97DDDA011304D138B78C4E /* Frameworks */ = {
			isa = PBXGroup;
			children = (
				182B311E6AB6CAA6AC035033 /* libPods-RAC练习.a */,
			);
			name = Frameworks;
			sourceTree = "<group>";
		};
		F53EEFB720775D1800AEBCE1 = {
			isa = PBXGroup;
			children = (
				F53EEFC220775D1900AEBCE1 /* RAC练习 */,
				F53EEFDB20775D1900AEBCE1 /* RAC练习Tests */,
				F53EEFE620775D1900AEBCE1 /* RAC练习UITests */,
				F53EEFC120775D1900AEBCE1 /* Products */,
				0AE2D6AAB860B81008D68604 /* Pods */,
				0D97DDDA011304D138B78C4E /* Frameworks */,
			);
			sourceTree = "<group>";
		};
		F53EEFC120775D1900AEBCE1 /* Products */ = {
			isa = PBXGroup;
			children = (
				F53EEFC020775D1900AEBCE1 /* RAC练习.app */,
				F53EEFD820775D1900AEBCE1 /* RAC练习Tests.xctest */,
				F53EEFE320775D1900AEBCE1 /* RAC练习UITests.xctest */,
			);
			name = Products;
			sourceTree = "<group>";
		};
		F53EEFC220775D1900AEBCE1 /* RAC练习 */ = {
			isa = PBXGroup;
			children = (
				F53EEFC320775D1900AEBCE1 /* AppDelegate.h */,
				F53EEFC420775D1900AEBCE1 /* AppDelegate.m */,
				F53EEFC620775D1900AEBCE1 /* ViewController.h */,
				F53EEFC720775D1900AEBCE1 /* ViewController.m */,
				F53EEFC920775D1900AEBCE1 /* Main.storyboard */,
				F53EEFCC20775D1900AEBCE1 /* Assets.xcassets */,
				F53EEFCE20775D1900AEBCE1 /* LaunchScreen.storyboard */,
				F53EEFD120775D1900AEBCE1 /* Info.plist */,
				F53EEFD220775D1900AEBCE1 /* main.m */,
			);
			path = "RAC练习";
			sourceTree = "<group>";
		};
		F53EEFDB20775D1900AEBCE1 /* RAC练习Tests */ = {
			isa = PBXGroup;
			children = (
				F53EEFDC20775D1900AEBCE1 /* RAC__Tests.m */,
				F53EEFDE20775D1900AEBCE1 /* Info.plist */,
			);
			path = "RAC练习Tests";
			sourceTree = "<group>";
		};
		F53EEFE620775D1900AEBCE1 /* RAC练习UITests */ = {
			isa = PBXGroup;
			children = (
				F53EEFE720775D1900AEBCE1 /* RAC__UITests.m */,
				F53EEFE920775D1900AEBCE1 /* Info.plist */,
			);
			path = "RAC练习UITests";
			sourceTree = "<group>";
		};
/* End PBXGroup section */

/* Begin PBXNativeTarget section */
		F53EEFBF20775D1900AEBCE1 /* RAC练习 */ = {
			isa = PBXNativeTarget;
			buildConfigurationList = F53EEFEC20775D1900AEBCE1 /* Build configuration list for PBXNativeTarget "RAC练习" */;
			buildPhases = (
				276855097CF17F04B8A35A37 /* [CP] Check Pods Manifest.lock */,
				F53EEFBC20775D1900AEBCE1 /* Sources */,
				F53EEFBD20775D1900AEBCE1 /* Frameworks */,
				F53EEFBE20775D1900AEBCE1 /* Resources */,
				87F2E6A47C575621147C182C /* [CP] Copy Pods Resources */,
			);
			buildRules = (
			);
			dependencies = (
			);
			name = "RAC练习";
			productName = "RAC练习";
			productReference = F53EEFC020775D1900AEBCE1 /* RAC练习.app */;
			productType = "com.apple.product-type.application";
		};
		F53EEFD720775D1900AEBCE1 /* RAC练习Tests */ = {
			isa = PBXNativeTarget;
			buildConfigurationList = F53EEFEF20775D1900AEBCE1 /* Build configuration list for PBXNativeTarget "RAC练习Tests" */;
			buildPhases = (
				F53EEFD420775D1900AEBCE1 /* Sources */,
				F53EEFD520775D1900AEBCE1 /* Frameworks */,
				F53EEFD620775D1900AEBCE1 /* Resources */,
			);
			buildRules = (
			);
			dependencies = (
				F53EEFDA20775D1900AEBCE1 /* PBXTargetDependency */,
			);
			name = "RAC练习Tests";
			productName = "RAC练习Tests";
			productReference = F53EEFD820775D1900AEBCE1 /* RAC练习Tests.xctest */;
			productType = "com.apple.product-type.bundle.unit-test";
		};
		F53EEFE220775D1900AEBCE1 /* RAC练习UITests */ = {
			isa = PBXNativeTarget;
			buildConfigurationList = F53EEFF220775D1900AEBCE1 /* Build configuration list for PBXNativeTarget "RAC练习UITests" */;
			buildPhases = (
				F53EEFDF20775D1900AEBCE1 /* Sources */,
				F53EEFE020775D1900AEBCE1 /* Frameworks */,
				F53EEFE120775D1900AEBCE1 /* Resources */,
			);
			buildRules = (
			);
			dependencies = (
				F53EEFE520775D1900AEBCE1 /* PBXTargetDependency */,
			);
			name = "RAC练习UITests";
			productName = "RAC练习UITests";
			productReference = F53EEFE320775D1900AEBCE1 /* RAC练习UITests.xctest */;
			productType = "com.apple.product-type.bundle.ui-testing";
		};
/* End PBXNativeTarget section */

/* Begin PBXProject section */
		F53EEFB820775D1800AEBCE1 /* Project object */ = {
			isa = PBXProject;
			attributes = {
				LastUpgradeCheck = 0910;
				ORGANIZATIONNAME = "邵岳鹏";
				TargetAttributes = {
					F53EEFBF20775D1900AEBCE1 = {
						CreatedOnToolsVersion = 9.1;
						ProvisioningStyle = Automatic;
					};
					F53EEFD720775D1900AEBCE1 = {
						CreatedOnToolsVersion = 9.1;
						ProvisioningStyle = Automatic;
						TestTargetID = F53EEFBF20775D1900AEBCE1;
					};
					F53EEFE220775D1900AEBCE1 = {
						CreatedOnToolsVersion = 9.1;
						ProvisioningStyle = Automatic;
						TestTargetID = F53EEFBF20775D1900AEBCE1;
					};
				};
			};
			buildConfigurationList = F53EEFBB20775D1800AEBCE1 /* Build configuration list for PBXProject "RAC练习" */;
			compatibilityVersion = "Xcode 8.0";
			developmentRegion = en;
			hasScannedForEncodings = 0;
			knownRegions = (
				en,
				Base,
			);
			mainGroup = F53EEFB720775D1800AEBCE1;
			productRefGroup = F53EEFC120775D1900AEBCE1 /* Products */;
			projectDirPath = "";
			projectRoot = "";
			targets = (
				F53EEFBF20775D1900AEBCE1 /* RAC练习 */,
				F53EEFD720775D1900AEBCE1 /* RAC练习Tests */,
				F53EEFE220775D1900AEBCE1 /* RAC练习UITests */,
			);
		};
/* End PBXProject section */

/* Begin PBXResourcesBuildPhase section */
		F53EEFBE20775D1900AEBCE1 /* Resources */ = {
			isa = PBXResourcesBuildPhase;
			buildActionMask = 2147483647;
			files = (
				F53EEFD020775D1900AEBCE1 /* LaunchScreen.storyboard in Resources */,
				F53EEFCD20775D1900AEBCE1 /* Assets.xcassets in Resources */,
				F53EEFCB20775D1900AEBCE1 /* Main.storyboard in Resources */,
			);
			runOnlyForDeploymentPostprocessing = 0;
		};
		F53EEFD620775D1900AEBCE1 /* Resources */ = {
			isa = PBXResourcesBuildPhase;
			buildActionMask = 2147483647;
			files = (
			);
			runOnlyForDeploymentPostprocessing = 0;
		};
		F53EEFE120775D1900AEBCE1 /* Resources */ = {
			isa = PBXResourcesBuildPhase;
			buildActionMask = 2147483647;
			files = (
			);
			runOnlyForDeploymentPostprocessing = 0;
		};
/* End PBXResourcesBuildPhase section */

/* Begin PBXShellScriptBuildPhase section */
		276855097CF17F04B8A35A37 /* [CP] Check Pods Manifest.lock */ = {
			isa = PBXShellScriptBuildPhase;
			buildActionMask = 2147483647;
			files = (
			);
			inputPaths = (
				"${PODS_PODFILE_DIR_PATH}/Podfile.lock",
				"${PODS_ROOT}/Manifest.lock",
			);
			name = "[CP] Check Pods Manifest.lock";
			outputPaths = (
				"$(DERIVED_FILE_DIR)/Pods-RAC练习-checkManifestLockResult.txt",
			);
			runOnlyForDeploymentPostprocessing = 0;
			shellPath = /bin/sh;
			shellScript = "diff \"${PODS_PODFILE_DIR_PATH}/Podfile.lock\" \"${PODS_ROOT}/Manifest.lock\" > /dev/null\nif [ $? != 0 ] ; then\n    # print error to STDERR\n    echo \"error: The sandbox is not in sync with the Podfile.lock. Run 'pod install' or update your CocoaPods installation.\" >&2\n    exit 1\nfi\n# This output is used by Xcode 'outputs' to avoid re-running this script phase.\necho \"SUCCESS\" > \"${SCRIPT_OUTPUT_FILE_0}\"\n";
			showEnvVarsInLog = 0;
		};
		87F2E6A47C575621147C182C /* [CP] Copy Pods Resources */ = {
			isa = PBXShellScriptBuildPhase;
			buildActionMask = 2147483647;
			files = (
			);
			inputPaths = (
				"${SRCROOT}/Pods/Target Support Files/Pods-RAC练习/Pods-RAC练习-resources.sh",
				"${PODS_ROOT}/HXWeiboPhotoPicker/微博照片选择/HXWeiboPhotoPicker/HXWeiboPhotoPicker.bundle",
			);
			name = "[CP] Copy Pods Resources";
			outputPaths = (
				"${TARGET_BUILD_DIR}/${UNLOCALIZED_RESOURCES_FOLDER_PATH}/HXWeiboPhotoPicker.bundle",
			);
			runOnlyForDeploymentPostprocessing = 0;
			shellPath = /bin/sh;
			shellScript = "\"${SRCROOT}/Pods/Target Support Files/Pods-RAC练习/Pods-RAC练习-resources.sh\"\n";
			showEnvVarsInLog = 0;
		};
/* End PBXShellScriptBuildPhase section */

/* Begin PBXSourcesBuildPhase section */
		F53EEFBC20775D1900AEBCE1 /* Sources */ = {
			isa = PBXSourcesBuildPhase;
			buildActionMask = 2147483647;
			files = (
				F53EEFC820775D1900AEBCE1 /* ViewController.m in Sources */,
				F53EEFD320775D1900AEBCE1 /* main.m in Sources */,
				F53EEFC520775D1900AEBCE1 /* AppDelegate.m in Sources */,
			);
			runOnlyForDeploymentPostprocessing = 0;
		};
		F53EEFD420775D1900AEBCE1 /* Sources */ = {
			isa = PBXSourcesBuildPhase;
			buildActionMask = 2147483647;
			files = (
				F53EEFDD20775D1900AEBCE1 /* RAC__Tests.m in Sources */,
			);
			runOnlyForDeploymentPostprocessing = 0;
		};
		F53EEFDF20775D1900AEBCE1 /* Sources */ = {
			isa = PBXSourcesBuildPhase;
			buildActionMask = 2147483647;
			files = (
				F53EEFE820775D1900AEBCE1 /* RAC__UITests.m in Sources */,
			);
			runOnlyForDeploymentPostprocessing = 0;
		};
/* End PBXSourcesBuildPhase section */

/* Begin PBXTargetDependency section */
		F53EEFDA20775D1900AEBCE1 /* PBXTargetDependency */ = {
			isa = PBXTargetDependency;
			target = F53EEFBF20775D1900AEBCE1 /* RAC练习 */;
			targetProxy = F53EEFD920775D1900AEBCE1 /* PBXContainerItemProxy */;
		};
		F53EEFE520775D1900AEBCE1 /* PBXTargetDependency */ = {
			isa = PBXTargetDependency;
			target = F53EEFBF20775D1900AEBCE1 /* RAC练习 */;
			targetProxy = F53EEFE420775D1900AEBCE1 /* PBXContainerItemProxy */;
		};
/* End PBXTargetDependency section */

/* Begin PBXVariantGroup section */
		F53EEFC920775D1900AEBCE1 /* Main.storyboard */ = {
			isa = PBXVariantGroup;
			children = (
				F53EEFCA20775D1900AEBCE1 /* Base */,
			);
			name = Main.storyboard;
			sourceTree = "<group>";
		};
		F53EEFCE20775D1900AEBCE1 /* LaunchScreen.storyboard */ = {
			isa = PBXVariantGroup;
			children = (
				F53EEFCF20775D1900AEBCE1 /* Base */,
			);
			name = LaunchScreen.storyboard;
			sourceTree = "<group>";
		};
/* End PBXVariantGroup section */

/* Begin XCBuildConfiguration section */
		F53EEFEA20775D1900AEBCE1 /* Debug */ = {
			isa = XCBuildConfiguration;
			buildSettings = {
				ALWAYS_SEARCH_USER_PATHS = NO;
				CLANG_ANALYZER_NONNULL = YES;
				CLANG_ANALYZER_NUMBER_OBJECT_CONVERSION = YES_AGGRESSIVE;
				CLANG_CXX_LANGUAGE_STANDARD = "gnu++14";
				CLANG_CXX_LIBRARY = "libc++";
				CLANG_ENABLE_MODULES = YES;
				CLANG_ENABLE_OBJC_ARC = YES;
				CLANG_WARN_BLOCK_CAPTURE_AUTORELEASING = YES;
				CLANG_WARN_BOOL_CONVERSION = YES;
				CLANG_WARN_COMMA = YES;
				CLANG_WARN_CONSTANT_CONVERSION = YES;
				CLANG_WARN_DIRECT_OBJC_ISA_USAGE = YES_ERROR;
				CLANG_WARN_DOCUMENTATION_COMMENTS = YES;
				CLANG_WARN_EMPTY_BODY = YES;
				CLANG_WARN_ENUM_CONVERSION = YES;
				CLANG_WARN_INFINITE_RECURSION = YES;
				CLANG_WARN_INT_CONVERSION = YES;
				CLANG_WARN_NON_LITERAL_NULL_CONVERSION = YES;
				CLANG_WARN_OBJC_LITERAL_CONVERSION = YES;
				CLANG_WARN_OBJC_ROOT_CLASS = YES_ERROR;
				CLANG_WARN_RANGE_LOOP_ANALYSIS = YES;
				CLANG_WARN_STRICT_PROTOTYPES = YES;
				CLANG_WARN_SUSPICIOUS_MOVE = YES;
				CLANG_WARN_UNGUARDED_AVAILABILITY = YES_AGGRESSIVE;
				CLANG_WARN_UNREACHABLE_CODE = YES;
				CLANG_WARN__DUPLICATE_METHOD_MATCH = YES;
				CODE_SIGN_IDENTITY = "iPhone Developer";
				COPY_PHASE_STRIP = NO;
				DEBUG_INFORMATION_FORMAT = dwarf;
				ENABLE_STRICT_OBJC_MSGSEND = YES;
				ENABLE_TESTABILITY = YES;
				GCC_C_LANGUAGE_STANDARD = gnu11;
				GCC_DYNAMIC_NO_PIC = NO;
				GCC_NO_COMMON_BLOCKS = YES;
				GCC_OPTIMIZATION_LEVEL = 0;
				GCC_PREPROCESSOR_DEFINITIONS = (
					"DEBUG=1",
					"$(inherited)",
				);
				GCC_WARN_64_TO_32_BIT_CONVERSION = YES;
				GCC_WARN_ABOUT_RETURN_TYPE = YES_ERROR;
				GCC_WARN_UNDECLARED_SELECTOR = YES;
				GCC_WARN_UNINITIALIZED_AUTOS = YES_AGGRESSIVE;
				GCC_WARN_UNUSED_FUNCTION = YES;
				GCC_WARN_UNUSED_VARIABLE = YES;
				IPHONEOS_DEPLOYMENT_TARGET = 11.1;
				MTL_ENABLE_DEBUG_INFO = YES;
				ONLY_ACTIVE_ARCH = YES;
				SDKROOT = iphoneos;
			};
			name = Debug;
		};
		F53EEFEB20775D1900AEBCE1 /* Release */ = {
			isa = XCBuildConfiguration;
			buildSettings = {
				ALWAYS_SEARCH_USER_PATHS = NO;
				CLANG_ANALYZER_NONNULL = YES;
				CLANG_ANALYZER_NUMBER_OBJECT_CONVERSION = YES_AGGRESSIVE;
				CLANG_CXX_LANGUAGE_STANDARD = "gnu++14";
				CLANG_CXX_LIBRARY = "libc++";
				CLANG_ENABLE_MODULES = YES;
				CLANG_ENABLE_OBJC_ARC = YES;
				CLANG_WARN_BLOCK_CAPTURE_AUTORELEASING = YES;
				CLANG_WARN_BOOL_CONVERSION = YES;
				CLANG_WARN_COMMA = YES;
				CLANG_WARN_CONSTANT_CONVERSION = YES;
				CLANG_WARN_DIRECT_OBJC_ISA_USAGE = YES_ERROR;
				CLANG_WARN_DOCUMENTATION_COMMENTS = YES;
				CLANG_WARN_EMPTY_BODY = YES;
				CLANG_WARN_ENUM_CONVERSION = YES;
				CLANG_WARN_INFINITE_RECURSION = YES;
				CLANG_WARN_INT_CONVERSION = YES;
				CLANG_WARN_NON_LITERAL_NULL_CONVERSION = YES;
				CLANG_WARN_OBJC_LITERAL_CONVERSION = YES;
				CLANG_WARN_OBJC_ROOT_CLASS = YES_ERROR;
				CLANG_WARN_RANGE_LOOP_ANALYSIS = YES;
				CLANG_WARN_STRICT_PROTOTYPES = YES;
				CLANG_WARN_SUSPICIOUS_MOVE = YES;
				CLANG_WARN_UNGUARDED_AVAILABILITY = YES_AGGRESSIVE;
				CLANG_WARN_UNREACHABLE_CODE = YES;
				CLANG_WARN__DUPLICATE_METHOD_MATCH = YES;
				CODE_SIGN_IDENTITY = "iPhone Developer";
				COPY_PHASE_STRIP = NO;
				DEBUG_INFORMATION_FORMAT = "dwarf-with-dsym";
				ENABLE_NS_ASSERTIONS = NO;
				ENABLE_STRICT_OBJC_MSGSEND = YES;
				GCC_C_LANGUAGE_STANDARD = gnu11;
				GCC_NO_COMMON_BLOCKS = YES;
				GCC_WARN_64_TO_32_BIT_CONVERSION = YES;
				GCC_WARN_ABOUT_RETURN_TYPE = YES_ERROR;
				GCC_WARN_UNDECLARED_SELECTOR = YES;
				GCC_WARN_UNINITIALIZED_AUTOS = YES_AGGRESSIVE;
				GCC_WARN_UNUSED_FUNCTION = YES;
				GCC_WARN_UNUSED_VARIABLE = YES;
				IPHONEOS_DEPLOYMENT_TARGET = 11.1;
				MTL_ENABLE_DEBUG_INFO = NO;
				SDKROOT = iphoneos;
				VALIDATE_PRODUCT = YES;
			};
			name = Release;
		};
		F53EEFED20775D1900AEBCE1 /* Debug */ = {
			isa = XCBuildConfiguration;
			baseConfigurationReference = AE2B8D4E5CFD6DCF17D3886B /* Pods-RAC练习.debug.xcconfig */;
			buildSettings = {
				ASSETCATALOG_COMPILER_APPICON_NAME = AppIcon;
				CODE_SIGN_STYLE = Automatic;
				DEVELOPMENT_TEAM = VKW9JN2NK9;
				INFOPLIST_FILE = "RAC练习/Info.plist";
				LD_RUNPATH_SEARCH_PATHS = "$(inherited) @executable_path/Frameworks";
				PRODUCT_BUNDLE_IDENTIFIER = "com.syp.RAC--";
				PRODUCT_NAME = "$(TARGET_NAME)";
				TARGETED_DEVICE_FAMILY = "1,2";
			};
			name = Debug;
		};
		F53EEFEE20775D1900AEBCE1 /* Release */ = {
			isa = XCBuildConfiguration;
			baseConfigurationReference = 4847A1FACBA0B27AED6650E4 /* Pods-RAC练习.release.xcconfig */;
			buildSettings = {
				ASSETCATALOG_COMPILER_APPICON_NAME = AppIcon;
				CODE_SIGN_STYLE = Automatic;
				DEVELOPMENT_TEAM = VKW9JN2NK9;
				INFOPLIST_FILE = "RAC练习/Info.plist";
				LD_RUNPATH_SEARCH_PATHS = "$(inherited) @executable_path/Frameworks";
				PRODUCT_BUNDLE_IDENTIFIER = "com.syp.RAC--";
				PRODUCT_NAME = "$(TARGET_NAME)";
				TARGETED_DEVICE_FAMILY = "1,2";
			};
			name = Release;
		};
		F53EEFF020775D1900AEBCE1 /* Debug */ = {
			isa = XCBuildConfiguration;
			buildSettings = {
				BUNDLE_LOADER = "$(TEST_HOST)";
				CODE_SIGN_STYLE = Automatic;
				INFOPLIST_FILE = "RAC练习Tests/Info.plist";
				LD_RUNPATH_SEARCH_PATHS = "$(inherited) @executable_path/Frameworks @loader_path/Frameworks";
				PRODUCT_BUNDLE_IDENTIFIER = "com.syp.RAC--Tests";
				PRODUCT_NAME = "$(TARGET_NAME)";
				TARGETED_DEVICE_FAMILY = "1,2";
				TEST_HOST = "$(BUILT_PRODUCTS_DIR)/RAC练习.app/RAC练习";
			};
			name = Debug;
		};
		F53EEFF120775D1900AEBCE1 /* Release */ = {
			isa = XCBuildConfiguration;
			buildSettings = {
				BUNDLE_LOADER = "$(TEST_HOST)";
				CODE_SIGN_STYLE = Automatic;
				INFOPLIST_FILE = "RAC练习Tests/Info.plist";
				LD_RUNPATH_SEARCH_PATHS = "$(inherited) @executable_path/Frameworks @loader_path/Frameworks";
				PRODUCT_BUNDLE_IDENTIFIER = "com.syp.RAC--Tests";
				PRODUCT_NAME = "$(TARGET_NAME)";
				TARGETED_DEVICE_FAMILY = "1,2";
				TEST_HOST = "$(BUILT_PRODUCTS_DIR)/RAC练习.app/RAC练习";
			};
			name = Release;
		};
		F53EEFF320775D1900AEBCE1 /* Debug */ = {
			isa = XCBuildConfiguration;
			buildSettings = {
				CODE_SIGN_STYLE = Automatic;
				INFOPLIST_FILE = "RAC练习UITests/Info.plist";
				LD_RUNPATH_SEARCH_PATHS = "$(inherited) @executable_path/Frameworks @loader_path/Frameworks";
				PRODUCT_BUNDLE_IDENTIFIER = "com.syp.RAC--UITests";
				PRODUCT_NAME = "$(TARGET_NAME)";
				TARGETED_DEVICE_FAMILY = "1,2";
				TEST_TARGET_NAME = "RAC练习";
			};
			name = Debug;
		};
		F53EEFF420775D1900AEBCE1 /* Release */ = {
			isa = XCBuildConfiguration;
			buildSettings = {
				CODE_SIGN_STYLE = Automatic;
				INFOPLIST_FILE = "RAC练习UITests/Info.plist";
				LD_RUNPATH_SEARCH_PATHS = "$(inherited) @executable_path/Frameworks @loader_path/Frameworks";
				PRODUCT_BUNDLE_IDENTIFIER = "com.syp.RAC--UITests";
				PRODUCT_NAME = "$(TARGET_NAME)";
				TARGETED_DEVICE_FAMILY = "1,2";
				TEST_TARGET_NAME = "RAC练习";
			};
			name = Release;
		};
/* End XCBuildConfiguration section */

/* Begin XCConfigurationList section */
		F53EEFBB20775D1800AEBCE1 /* Build configuration list for PBXProject "RAC练习" */ = {
			isa = XCConfigurationList;
			buildConfigurations = (
				F53EEFEA20775D1900AEBCE1 /* Debug */,
				F53EEFEB20775D1900AEBCE1 /* Release */,
			);
			defaultConfigurationIsVisible = 0;
			defaultConfigurationName = Release;
		};
		F53EEFEC20775D1900AEBCE1 /* Build configuration list for PBXNativeTarget "RAC练习" */ = {
			isa = XCConfigurationList;
			buildConfigurations = (
				F53EEFED20775D1900AEBCE1 /* Debug */,
				F53EEFEE20775D1900AEBCE1 /* Release */,
			);
			defaultConfigurationIsVisible = 0;
			defaultConfigurationName = Release;
		};
		F53EEFEF20775D1900AEBCE1 /* Build configuration list for PBXNativeTarget "RAC练习Tests" */ = {
			isa = XCConfigurationList;
			buildConfigurations = (
				F53EEFF020775D1900AEBCE1 /* Debug */,
				F53EEFF120775D1900AEBCE1 /* Release */,
			);
			defaultConfigurationIsVisible = 0;
			defaultConfigurationName = Release;
		};
		F53EEFF220775D1900AEBCE1 /* Build configuration list for PBXNativeTarget "RAC练习UITests" */ = {
			isa = XCConfigurationList;
			buildConfigurations = (
				F53EEFF320775D1900AEBCE1 /* Debug */,
				F53EEFF420775D1900AEBCE1 /* Release */,
			);
			defaultConfigurationIsVisible = 0;
			defaultConfigurationName = Release;
		};
/* End XCConfigurationList section */
	};
	rootObject = F53EEFB820775D1800AEBCE1 /* Project object */;
}
